// !$*UTF8*$!
{
	archiveVersion = 1;
	classes = {
	};
	objectVersion = 77;
	objects = {

/* Begin PBXBuildFile section */
		981352682FE0D3A10016840D /* UserSession.swift in Sources */ = {isa = PBXBuildFile; fileRef = 981352672FE0D39E0016840D /* UserSession.swift */; };
		9813526A2FE0D3AE0016840D /* UserCoreData.swift in Sources */ = {isa = PBXBuildFile; fileRef = 981352692FE0D3A40016840D /* UserCoreData.swift */; };
		9813526F2FE0D4170016840D /* UserRepository.swift in Sources */ = {isa = PBXBuildFile; fileRef = 9813526E2FE0D4130016840D /* UserRepository.swift */; };
		986D9B7E2FEA4D9F00E11CB7 /* HeaderTableViewCell.swift in Sources */ = {isa = PBXBuildFile; fileRef = 986D9B7D2FEA4D9F00E11CB7 /* HeaderTableViewCell.swift */; };
		987929092FE8C90D0079B066 /* TabButtonStackView.swift in Sources */ = {isa = PBXBuildFile; fileRef = 987929082FE8C90D0079B066 /* TabButtonStackView.swift */; };
		9879290B2FE8C97A0079B066 /* UserTableViewCell.swift in Sources */ = {isa = PBXBuildFile; fileRef = 9879290A2FE8C97A0079B066 /* UserTableViewCell.swift */; };
		9879290D2FE9088E0079B066 /* UserAPI.swift in Sources */ = {isa = PBXBuildFile; fileRef = 9879290C2FE9088E0079B066 /* UserAPI.swift */; };
		9879290F2FE908F70079B066 /* APIProtocol.swift in Sources */ = {isa = PBXBuildFile; fileRef = 9879290E2FE908F70079B066 /* APIProtocol.swift */; };
		9880658D2FE3C6030070E3EA /* UserListViewController.swift in Sources */ = {isa = PBXBuildFile; fileRef = 9880658C2FE3C6030070E3EA /* UserListViewController.swift */; };
		98AD82C12FE1032700599E02 /* SnapKit in Frameworks */ = {isa = PBXBuildFile; productRef = 98AD82C02FE1032700599E02 /* SnapKit */; };
		98AD82C42FE1035700599E02 /* RxCocoa in Frameworks */ = {isa = PBXBuildFile; productRef = 98AD82C32FE1035700599E02 /* RxCocoa */; };
		98AD82C62FE1035700599E02 /* RxSwift in Frameworks */ = {isa = PBXBuildFile; productRef = 98AD82C52FE1035700599E02 /* RxSwift */; };
		98AD82C92FE1067300599E02 /* Kingfisher in Frameworks */ = {isa = PBXBuildFile; productRef = 98AD82C82FE1067300599E02 /* Kingfisher */; };
		98AD82CC2FE1068600599E02 /* Alamofire in Frameworks */ = {isa = PBXBuildFile; productRef = 98AD82CB2FE1068600599E02 /* Alamofire */; };
		98AD82CE2FE10C8600599E02 /* NetworkManager.swift in Sources */ = {isa = PBXBuildFile; fileRef = 98AD82CD2FE10C8000599E02 /* NetworkManager.swift */; };
		98AD82D12FE1472000599E02 /* UserNetwork.swift in Sources */ = {isa = PBXBuildFile; fileRef = 98AD82D02FE1472000599E02 /* UserNetwork.swift */; };
		98B651EE2FE0096700321B94 /* AppDelegate.swift in Sources */ = {isa = PBXBuildFile; fileRef = 98B651E22FE0096700321B94 /* AppDelegate.swift */; };
		98B651EF2FE0096700321B94 /* SceneDelegate.swift in Sources */ = {isa = PBXBuildFile; fileRef = 98B651E92FE0096700321B94 /* SceneDelegate.swift */; };
		98B651F02FE0096700321B94 /* study.xcdatamodeld in Sources */ = {isa = PBXBuildFile; fileRef = 98B651EA2FE0096700321B94 /* study.xcdatamodeld */; };
		98B651F12FE0096700321B94 /* ViewController.swift in Sources */ = {isa = PBXBuildFile; fileRef = 98B651EB2FE0096700321B94 /* ViewController.swift */; };
		98B651F22FE0096700321B94 /* Assets.xcassets in Resources */ = {isa = PBXBuildFile; fileRef = 98B651E32FE0096700321B94 /* Assets.xcassets */; };
		98B651F82FE0096A00321B94 /* studyTests.swift in Sources */ = {isa = PBXBuildFile; fileRef = 98B651F62FE0096A00321B94 /* studyTests.swift */; };
		98B651FC2FE0096F00321B94 /* studyUITests.swift in Sources */ = {isa = PBXBuildFile; fileRef = 98B651F92FE0096F00321B94 /* studyUITests.swift */; };
		98B651FD2FE0096F00321B94 /* studyUITestsLaunchTests.swift in Sources */ = {isa = PBXBuildFile; fileRef = 98B651FA2FE0096F00321B94 /* studyUITestsLaunchTests.swift */; };
		98B652022FE00A0C00321B94 /* UserListItem.swift in Sources */ = {isa = PBXBuildFile; fileRef = 98B652012FE00A0300321B94 /* UserListItem.swift */; };
		98B652042FE00C3A00321B94 /* NetworkError.swift in Sources */ = {isa = PBXBuildFile; fileRef = 98B652032FE00C3600321B94 /* NetworkError.swift */; };
		98B652062FE00DD000321B94 /* CoreDataError.swift in Sources */ = {isa = PBXBuildFile; fileRef = 98B652052FE00DC700321B94 /* CoreDataError.swift */; };
		98B652082FE00EC700321B94 /* UserListUsecase.swift in Sources */ = {isa = PBXBuildFile; fileRef = 98B652072FE00EBE00321B94 /* UserListUsecase.swift */; };
		98B6520A2FE0128200321B94 /* UserRepositoryProtocol.swift in Sources */ = {isa = PBXBuildFile; fileRef = 98B652092FE0127A00321B94 /* UserRepositoryProtocol.swift */; };
		98C869DB2FE261C700BA97A8 /* MockUserRepository.swift in Sources */ = {isa = PBXBuildFile; fileRef = 98C869D92FE261C700BA97A8 /* MockUserRepository.swift */; };
		98C869E12FE2699C00BA97A8 /* UserListViewModel.swift in Sources */ = {isa = PBXBuildFile; fileRef = 98C869E02FE2699C00BA97A8 /* UserListViewModel.swift */; };
/* End PBXBuildFile section */

/* Begin PBXContainerItemProxy section */
		98B651C52FE0093500321B94 /* PBXContainerItemProxy */ = {
			isa = PBXContainerItemProxy;
			containerPortal = 98B651A32FE0093400321B94 /* Project object */;
			proxyType = 1;
			remoteGlobalIDString = 98B651AA2FE0093400321B94;
			remoteInfo = study;
		};
		98B651CF2FE0093500321B94 /* PBXContainerItemProxy */ = {
			isa = PBXContainerItemProxy;
			containerPortal = 98B651A32FE0093400321B94 /* Project object */;
			proxyType = 1;
			remoteGlobalIDString = 98B651AA2FE0093400321B94;
			remoteInfo = study;
		};
/* End PBXContainerItemProxy section */

/* Begin PBXFileReference section */
		981352672FE0D39E0016840D /* UserSession.swift */ = {isa = PBXFileReference; lastKnownFileType = sourcecode.swift; path = UserSession.swift; sourceTree = "<group>"; };
		981352692FE0D3A40016840D /* UserCoreData.swift */ = {isa = PBXFileReference; lastKnownFileType = sourcecode.swift; path = UserCoreData.swift; sourceTree = "<group>"; };
		9813526E2FE0D4130016840D /* UserRepository.swift */ = {isa = PBXFileReference; lastKnownFileType = sourcecode.swift; path = UserRepository.swift; sourceTree = "<group>"; };
		986D9B7D2FEA4D9F00E11CB7 /* HeaderTableViewCell.swift */ = {isa = PBXFileReference; lastKnownFileType = sourcecode.swift; path = HeaderTableViewCell.swift; sourceTree = "<group>"; };
		987929082FE8C90D0079B066 /* TabButtonStackView.swift */ = {isa = PBXFileReference; lastKnownFileType = sourcecode.swift; path = TabButtonStackView.swift; sourceTree = "<group>"; };
		9879290A2FE8C97A0079B066 /* UserTableViewCell.swift */ = {isa = PBXFileReference; lastKnownFileType = sourcecode.swift; path = UserTableViewCell.swift; sourceTree = "<group>"; };
		9879290C2FE9088E0079B066 /* UserAPI.swift */ = {isa = PBXFileReference; lastKnownFileType = sourcecode.swift; path = UserAPI.swift; sourceTree = "<group>"; };
		9879290E2FE908F70079B066 /* APIProtocol.swift */ = {isa = PBXFileReference; lastKnownFileType = sourcecode.swift; path = APIProtocol.swift; sourceTree = "<group>"; };
		9880658C2FE3C6030070E3EA /* UserListViewController.swift */ = {isa = PBXFileReference; lastKnownFileType = sourcecode.swift; path = UserListViewController.swift; sourceTree = "<group>"; };
		98AD82CD2FE10C8000599E02 /* NetworkManager.swift */ = {isa = PBXFileReference; lastKnownFileType = sourcecode.swift; path = NetworkManager.swift; sourceTree = "<group>"; };
		98AD82D02FE1472000599E02 /* UserNetwork.swift */ = {isa = PBXFileReference; lastKnownFileType = sourcecode.swift; path = UserNetwork.swift; sourceTree = "<group>"; };
		98B651AB2FE0093400321B94 /* study.app */ = {isa = PBXFileReference; explicitFileType = wrapper.application; includeInIndex = 0; path = study.app; sourceTree = BUILT_PRODUCTS_DIR; };
		98B651C42FE0093500321B94 /* studyTests.xctest */ = {isa = PBXFileReference; explicitFileType = wrapper.cfbundle; includeInIndex = 0; path = studyTests.xctest; sourceTree = BUILT_PRODUCTS_DIR; };
		98B651CE2FE0093500321B94 /* studyUITests.xctest */ = {isa = PBXFileReference; explicitFileType = wrapper.cfbundle; includeInIndex = 0; path = studyUITests.xctest; sourceTree = BUILT_PRODUCTS_DIR; };
		98B651E22FE0096700321B94 /* AppDelegate.swift */ = {isa = PBXFileReference; lastKnownFileType = sourcecode.swift; path = AppDelegate.swift; sourceTree = "<group>"; };
		98B651E32FE0096700321B94 /* Assets.xcassets */ = {isa = PBXFileReference; lastKnownFileType = folder.assetcatalog; path = Assets.xcassets; sourceTree = "<group>"; };
		98B651E42FE0096700321B94 /* Info.plist */ = {isa = PBXFileReference; lastKnownFileType = text.plist.xml; path = Info.plist; sourceTree = "<group>"; };
		98B651E92FE0096700321B94 /* SceneDelegate.swift */ = {isa = PBXFileReference; lastKnownFileType = sourcecode.swift; path = SceneDelegate.swift; sourceTree = "<group>"; };
		98B651EB2FE0096700321B94 /* ViewController.swift */ = {isa = PBXFileReference; lastKnownFileType = sourcecode.swift; path = ViewController.swift; sourceTree = "<group>"; };
		98B651ED2FE0096700321B94 /* study.xcdatamodel */ = {isa = PBXFileReference; lastKnownFileType = wrapper.xcdatamodel; path = study.xcdatamodel; sourceTree = "<group>"; };
		98B651F62FE0096A00321B94 /* studyTests.swift */ = {isa = PBXFileReference; lastKnownFileType = sourcecode.swift; path = studyTests.swift; sourceTree = "<group>"; };
		98B651F92FE0096F00321B94 /* studyUITests.swift */ = {isa = PBXFileReference; lastKnownFileType = sourcecode.swift; path = studyUITests.swift; sourceTree = "<group>"; };
		98B651FA2FE0096F00321B94 /* studyUITestsLaunchTests.swift */ = {isa = PBXFileReference; lastKnownFileType = sourcecode.swift; path = studyUITestsLaunchTests.swift; sourceTree = "<group>"; };
		98B652012FE00A0300321B94 /* UserListItem.swift */ = {isa = PBXFileReference; lastKnownFileType = sourcecode.swift; path = UserListItem.swift; sourceTree = "<group>"; };
		98B652032FE00C3600321B94 /* NetworkError.swift */ = {isa = PBXFileReference; lastKnownFileType = sourcecode.swift; path = NetworkError.swift; sourceTree = "<group>"; };
		98B652052FE00DC700321B94 /* CoreDataError.swift */ = {isa = PBXFileReference; lastKnownFileType = sourcecode.swift; path = CoreDataError.swift; sourceTree = "<group>"; };
		98B652072FE00EBE00321B94 /* UserListUsecase.swift */ = {isa = PBXFileReference; lastKnownFileType = sourcecode.swift; path = UserListUsecase.swift; sourceTree = "<group>"; };
		98B652092FE0127A00321B94 /* UserRepositoryProtocol.swift */ = {isa = PBXFileReference; lastKnownFileType = sourcecode.swift; path = UserRepositoryProtocol.swift; sourceTree = "<group>"; };
		98C869D92FE261C700BA97A8 /* MockUserRepository.swift */ = {isa = PBXFileReference; lastKnownFileType = sourcecode.swift; path = MockUserRepository.swift; sourceTree = "<group>"; };
		98C869E02FE2699C00BA97A8 /* UserListViewModel.swift */ = {isa = PBXFileReference; lastKnownFileType = sourcecode.swift; path = UserListViewModel.swift; sourceTree = "<group>"; };
/* End PBXFileReference section */

/* Begin PBXFrameworksBuildPhase section */
		98B651A82FE0093400321B94 /* Frameworks */ = {
			isa = PBXFrameworksBuildPhase;
			buildActionMask = 2147483647;
			files = (
				98AD82CC2FE1068600599E02 /* Alamofire in Frameworks */,
				98AD82C92FE1067300599E02 /* Kingfisher in Frameworks */,
				98AD82C62FE1035700599E02 /* RxSwift in Frameworks */,
				98AD82C42FE1035700599E02 /* RxCocoa in Frameworks */,
				98AD82C12FE1032700599E02 /* SnapKit in Frameworks */,
			);
			runOnlyForDeploymentPostprocessing = 0;
		};
		98B651C12FE0093500321B94 /* Frameworks */ = {
			isa = PBXFrameworksBuildPhase;
			buildActionMask = 2147483647;
			files = (
			);
			runOnlyForDeploymentPostprocessing = 0;
		};
		98B651CB2FE0093500321B94 /* Frameworks */ = {
			isa = PBXFrameworksBuildPhase;
			buildActionMask = 2147483647;
			files = (
			);
			runOnlyForDeploymentPostprocessing = 0;
		};
/* End PBXFrameworksBuildPhase section */

/* Begin PBXGroup section */
		981352652FE0D3850016840D /* Data */ = {
			isa = PBXGroup;
			children = (
				9813526D2FE0D3C50016840D /* Repository */,
				9813526C2FE0D3BE0016840D /* CoreData */,
				9813526B2FE0D3B70016840D /* Network */,
			);
			path = Data;
			sourceTree = "<group>";
		};
		9813526B2FE0D3B70016840D /* Network */ = {
			isa = PBXGroup;
			children = (
				981352672FE0D39E0016840D /* UserSession.swift */,
				98AD82CD2FE10C8000599E02 /* NetworkManager.swift */,
				98AD82D02FE1472000599E02 /* UserNetwork.swift */,
				9879290E2FE908F70079B066 /* APIProtocol.swift */,
				9879290C2FE9088E0079B066 /* UserAPI.swift */,
			);
			path = Network;
			sourceTree = "<group>";
		};
		9813526C2FE0D3BE0016840D /* CoreData */ = {
			isa = PBXGroup;
			children = (
				981352692FE0D3A40016840D /* UserCoreData.swift */,
			);
			path = CoreData;
			sourceTree = "<group>";
		};
		9813526D2FE0D3C50016840D /* Repository */ = {
			isa = PBXGroup;
			children = (
				9813526E2FE0D4130016840D /* UserRepository.swift */,
			);
			path = Repository;
			sourceTree = "<group>";
		};
		987929052FE8C88A0079B066 /* View */ = {
			isa = PBXGroup;
			children = (
				987929082FE8C90D0079B066 /* TabButtonStackView.swift */,
				9879290A2FE8C97A0079B066 /* UserTableViewCell.swift */,
				986D9B7D2FEA4D9F00E11CB7 /* HeaderTableViewCell.swift */,
			);
			path = View;
			sourceTree = "<group>";
		};
		9880658B2FE3C5BF0070E3EA /* ViewControllers */ = {
			isa = PBXGroup;
			children = (
				9880658C2FE3C6030070E3EA /* UserListViewController.swift */,
			);
			path = ViewControllers;
			sourceTree = "<group>";
		};
		98B651A22FE0093400321B94 = {
			isa = PBXGroup;
			children = (
				98B651EC2FE0096700321B94 /* study */,
				98B651F72FE0096A00321B94 /* studyTests */,
				98B651FB2FE0096F00321B94 /* studyUITests */,
				98B651AC2FE0093400321B94 /* Products */,
			);
			sourceTree = "<group>";
		};
		98B651AC2FE0093400321B94 /* Products */ = {
			isa = PBXGroup;
			children = (
				98B651AB2FE0093400321B94 /* study.app */,
				98B651C42FE0093500321B94 /* studyTests.xctest */,
				98B651CE2FE0093500321B94 /* studyUITests.xctest */,
			);
			name = Products;
			sourceTree = "<group>";
		};
		98B651EC2FE0096700321B94 /* study */ = {
			isa = PBXGroup;
			children = (
				98B651E22FE0096700321B94 /* AppDelegate.swift */,
				98B651E92FE0096700321B94 /* SceneDelegate.swift */,
				98B651EB2FE0096700321B94 /* ViewController.swift */,
				98C869DF2FE2698D00BA97A8 /* Presentation */,
				981352652FE0D3850016840D /* Data */,
				98B651FE2FE009AD00321B94 /* Domain */,
				98B651E32FE0096700321B94 /* Assets.xcassets */,
				98B651E42FE0096700321B94 /* Info.plist */,
				98B651EA2FE0096700321B94 /* study.xcdatamodeld */,
			);
			path = study;
			sourceTree = "<group>";
		};
		98B651F72FE0096A00321B94 /* studyTests */ = {
			isa = PBXGroup;
			children = (
				98B651F62FE0096A00321B94 /* studyTests.swift */,
				98C869DA2FE261C700BA97A8 /* Mock */,
			);
			path = studyTests;
			sourceTree = "<group>";
		};
		98B651FB2FE0096F00321B94 /* studyUITests */ = {
			isa = PBXGroup;
			children = (
				98B651F92FE0096F00321B94 /* studyUITests.swift */,
				98B651FA2FE0096F00321B94 /* studyUITestsLaunchTests.swift */,
			);
			path = studyUITests;
			sourceTree = "<group>";
		};
		98B651FE2FE009AD00321B94 /* Domain */ = {
			isa = PBXGroup;
			children = (
				98B6520B2FE0128800321B94 /* RepositoryProtocol */,
				98B652002FE009C200321B94 /* Usecase */,
				98B651FF2FE009BD00321B94 /* Entity */,
			);
			path = Domain;
			sourceTree = "<group>";
		};
		98B651FF2FE009BD00321B94 /* Entity */ = {
			isa = PBXGroup;
			children = (
				98B652012FE00A0300321B94 /* UserListItem.swift */,
				98B652032FE00C3600321B94 /* NetworkError.swift */,
				98B652052FE00DC700321B94 /* CoreDataError.swift */,
			);
			path = Entity;
			sourceTree = "<group>";
		};
		98B652002FE009C200321B94 /* Usecase */ = {
			isa = PBXGroup;
			children = (
				98B652072FE00EBE00321B94 /* UserListUsecase.swift */,
			);
			path = Usecase;
			sourceTree = "<group>";
		};
		98B6520B2FE0128800321B94 /* RepositoryProtocol */ = {
			isa = PBXGroup;
			children = (
				98B652092FE0127A00321B94 /* UserRepositoryProtocol.swift */,
			);
			path = RepositoryProtocol;
			sourceTree = "<group>";
		};
		98C869DA2FE261C700BA97A8 /* Mock */ = {
			isa = PBXGroup;
			children = (
				98C869D92FE261C700BA97A8 /* MockUserRepository.swift */,
			);
			path = Mock;
			sourceTree = "<group>";
		};
		98C869DE2FE2698D00BA97A8 /* ViewModel */ = {
			isa = PBXGroup;
			children = (
				98C869E02FE2699C00BA97A8 /* UserListViewModel.swift */,
			);
			path = ViewModel;
			sourceTree = "<group>";
		};
		98C869DF2FE2698D00BA97A8 /* Presentation */ = {
			isa = PBXGroup;
			children = (
				987929052FE8C88A0079B066 /* View */,
				9880658B2FE3C5BF0070E3EA /* ViewControllers */,
				98C869DE2FE2698D00BA97A8 /* ViewModel */,
			);
			path = Presentation;
			sourceTree = "<group>";
		};
/* End PBXGroup section */

/* Begin PBXNativeTarget section */
		98B651AA2FE0093400321B94 /* study */ = {
			isa = PBXNativeTarget;
			buildConfigurationList = 98B651D72FE0093500321B94 /* Build configuration list for PBXNativeTarget "study" */;
			buildPhases = (
				98B651A72FE0093400321B94 /* Sources */,
				98B651A82FE0093400321B94 /* Frameworks */,
				98B651A92FE0093400321B94 /* Resources */,
			);
			buildRules = (
			);
			dependencies = (
			);
			name = study;
			packageProductDependencies = (
				98AD82C02FE1032700599E02 /* SnapKit */,
				98AD82C32FE1035700599E02 /* RxCocoa */,
				98AD82C52FE1035700599E02 /* RxSwift */,
				98AD82C82FE1067300599E02 /* Kingfisher */,
				98AD82CB2FE1068600599E02 /* Alamofire */,
			);
			productName = study;
			productReference = 98B651AB2FE0093400321B94 /* study.app */;
			productType = "com.apple.product-type.application";
		};
		98B651C32FE0093500321B94 /* studyTests */ = {
			isa = PBXNativeTarget;
			buildConfigurationList = 98B651DC2FE0093500321B94 /* Build configuration list for PBXNativeTarget "studyTests" */;
			buildPhases = (
				98B651C02FE0093500321B94 /* Sources */,
				98B651C12FE0093500321B94 /* Frameworks */,
				98B651C22FE0093500321B94 /* Resources */,
			);
			buildRules = (
			);
			dependencies = (
				98B651C62FE0093500321B94 /* PBXTargetDependency */,
			);
			name = studyTests;
			packageProductDependencies = (
			);
			productName = studyTests;
			productReference = 98B651C42FE0093500321B94 /* studyTests.xctest */;
			productType = "com.apple.product-type.bundle.unit-test";
		};
		98B651CD2FE0093500321B94 /* studyUITests */ = {
			isa = PBXNativeTarget;
			buildConfigurationList = 98B651DF2FE0093500321B94 /* Build configuration list for PBXNativeTarget "studyUITests" */;
			buildPhases = (
				98B651CA2FE0093500321B94 /* Sources */,
				98B651CB2FE0093500321B94 /* Frameworks */,
				98B651CC2FE0093500321B94 /* Resources */,
			);
			buildRules = (
			);
			dependencies = (
				98B651D02FE0093500321B94 /* PBXTargetDependency */,
			);
			name = studyUITests;
			packageProductDependencies = (
			);
			productName = studyUITests;
			productReference = 98B651CE2FE0093500321B94 /* studyUITests.xctest */;
			productType = "com.apple.product-type.bundle.ui-testing";
		};
/* End PBXNativeTarget section */

/* Begin PBXProject section */
		98B651A32FE0093400321B94 /* Project object */ = {
			isa = PBXProject;
			attributes = {
				BuildIndependentTargetsInParallel = 1;
				LastSwiftUpdateCheck = 2650;
				LastUpgradeCheck = 2650;
				TargetAttributes = {
					98B651AA2FE0093400321B94 = {
						CreatedOnToolsVersion = 26.5;
					};
					98B651C32FE0093500321B94 = {
						CreatedOnToolsVersion = 26.5;
						TestTargetID = 98B651AA2FE0093400321B94;
					};
					98B651CD2FE0093500321B94 = {
						CreatedOnToolsVersion = 26.5;
						TestTargetID = 98B651AA2FE0093400321B94;
					};
				};
			};
			buildConfigurationList = 98B651A62FE0093400321B94 /* Build configuration list for PBXProject "study" */;
			developmentRegion = en;
			hasScannedForEncodings = 0;
			knownRegions = (
				en,
				Base,
			);
			mainGroup = 98B651A22FE0093400321B94;
			minimizedProjectReferenceProxies = 1;
			packageReferences = (
				98AD82BF2FE1032700599E02 /* XCRemoteSwiftPackageReference "SnapKit" */,
				98AD82C22FE1035700599E02 /* XCRemoteSwiftPackageReference "RxSwift" */,
				98AD82C72FE1067300599E02 /* XCRemoteSwiftPackageReference "Kingfisher" */,
				98AD82CA2FE1068600599E02 /* XCRemoteSwiftPackageReference "Alamofire" */,
			);
			preferredProjectObjectVersion = 77;
			productRefGroup = 98B651AC2FE0093400321B94 /* Products */;
			projectDirPath = "";
			projectRoot = "";
			targets = (
				98B651AA2FE0093400321B94 /* study */,
				98B651C32FE0093500321B94 /* studyTests */,
				98B651CD2FE0093500321B94 /* studyUITests */,
			);
		};
/* End PBXProject section */

/* Begin PBXResourcesBuildPhase section */
		98B651A92FE0093400321B94 /* Resources */ = {
			isa = PBXResourcesBuildPhase;
			buildActionMask = 2147483647;
			files = (
				98B651F22FE0096700321B94 /* Assets.xcassets in Resources */,
			);
			runOnlyForDeploymentPostprocessing = 0;
		};
		98B651C22FE0093500321B94 /* Resources */ = {
			isa = PBXResourcesBuildPhase;
			buildActionMask = 2147483647;
			files = (
			);
			runOnlyForDeploymentPostprocessing = 0;
		};
		98B651CC2FE0093500321B94 /* Resources */ = {
			isa = PBXResourcesBuildPhase;
			buildActionMask = 2147483647;
			files = (
			);
			runOnlyForDeploymentPostprocessing = 0;
		};
/* End PBXResourcesBuildPhase section */

/* Begin PBXSourcesBuildPhase section */
		98B651A72FE0093400321B94 /* Sources */ = {
			isa = PBXSourcesBuildPhase;
			buildActionMask = 2147483647;
			files = (
				981352682FE0D3A10016840D /* UserSession.swift in Sources */,
				9880658D2FE3C6030070E3EA /* UserListViewController.swift in Sources */,
				98B651EE2FE0096700321B94 /* AppDelegate.swift in Sources */,
				9879290D2FE9088E0079B066 /* UserAPI.swift in Sources */,
				98B651EF2FE0096700321B94 /* SceneDelegate.swift in Sources */,
				98AD82CE2FE10C8600599E02 /* NetworkManager.swift in Sources */,
				98C869E12FE2699C00BA97A8 /* UserListViewModel.swift in Sources */,
				98B651F02FE0096700321B94 /* study.xcdatamodeld in Sources */,
				9879290F2FE908F70079B066 /* APIProtocol.swift in Sources */,
				9813526A2FE0D3AE0016840D /* UserCoreData.swift in Sources */,
				986D9B7E2FEA4D9F00E11CB7 /* HeaderTableViewCell.swift in Sources */,
				98B652042FE00C3A00321B94 /* NetworkError.swift in Sources */,
				98B652082FE00EC700321B94 /* UserListUsecase.swift in Sources */,
				9879290B2FE8C97A0079B066 /* UserTableViewCell.swift in Sources */,
				98B651F12FE0096700321B94 /* ViewController.swift in Sources */,
				987929092FE8C90D0079B066 /* TabButtonStackView.swift in Sources */,
				98AD82D12FE1472000599E02 /* UserNetwork.swift in Sources */,
				98B652022FE00A0C00321B94 /* UserListItem.swift in Sources */,
				98B652062FE00DD000321B94 /* CoreDataError.swift in Sources */,
				98B6520A2FE0128200321B94 /* UserRepositoryProtocol.swift in Sources */,
				9813526F2FE0D4170016840D /* UserRepository.swift in Sources */,
			);
			runOnlyForDeploymentPostprocessing = 0;
		};
		98B651C02FE0093500321B94 /* Sources */ = {
			isa = PBXSourcesBuildPhase;
			buildActionMask = 2147483647;
			files = (
				98C869DB2FE261C700BA97A8 /* MockUserRepository.swift in Sources */,
				98B651F82FE0096A00321B94 /* studyTests.swift in Sources */,
			);
			runOnlyForDeploymentPostprocessing = 0;
		};
		98B651CA2FE0093500321B94 /* Sources */ = {
			isa = PBXSourcesBuildPhase;
			buildActionMask = 2147483647;
			files = (
				98B651FC2FE0096F00321B94 /* studyUITests.swift in Sources */,
				98B651FD2FE0096F00321B94 /* studyUITestsLaunchTests.swift in Sources */,
			);
			runOnlyForDeploymentPostprocessing = 0;
		};
/* End PBXSourcesBuildPhase section */

/* Begin PBXTargetDependency section */
		98B651C62FE0093500321B94 /* PBXTargetDependency */ = {
			isa = PBXTargetDependency;
			target = 98B651AA2FE0093400321B94 /* study */;
			targetProxy = 98B651C52FE0093500321B94 /* PBXContainerItemProxy */;
		};
		98B651D02FE0093500321B94 /* PBXTargetDependency */ = {
			isa = PBXTargetDependency;
			target = 98B651AA2FE0093400321B94 /* study */;
			targetProxy = 98B651CF2FE0093500321B94 /* PBXContainerItemProxy */;
		};
/* End PBXTargetDependency section */

/* Begin XCBuildConfiguration section */
		98B651D82FE0093500321B94 /* Debug */ = {
			isa = XCBuildConfiguration;
			buildSettings = {
				ASSETCATALOG_COMPILER_APPICON_NAME = AppIcon;
				ASSETCATALOG_COMPILER_GLOBAL_ACCENT_COLOR_NAME = AccentColor;
				CODE_SIGN_STYLE = Automatic;
				CURRENT_PROJECT_VERSION = 1;
				DEVELOPMENT_TEAM = Q822VU6G85;
				GENERATE_INFOPLIST_FILE = YES;
				INFOPLIST_FILE = study/Info.plist;
				INFOPLIST_KEY_UIApplicationSupportsIndirectInputEvents = YES;
				INFOPLIST_KEY_UILaunchStoryboardName = LaunchScreen;
				INFOPLIST_KEY_UISupportedInterfaceOrientations_iPad = "UIInterfaceOrientationPortrait UIInterfaceOrientationPortraitUpsideDown UIInterfaceOrientationLandscapeLeft UIInterfaceOrientationLandscapeRight";
				INFOPLIST_KEY_UISupportedInterfaceOrientations_iPhone = "UIInterfaceOrientationPortrait UIInterfaceOrientationLandscapeLeft UIInterfaceOrientationLandscapeRight";
				IPHONEOS_DEPLOYMENT_TARGET = 15.6;
				LD_RUNPATH_SEARCH_PATHS = (
					"$(inherited)",
					"@executable_path/Frameworks",
				);
				MARKETING_VERSION = 1.0;
				PRODUCT_BUNDLE_IDENTIFIER = com.pky.claudecode.study;
				PRODUCT_NAME = "$(TARGET_NAME)";
				STRING_CATALOG_GENERATE_SYMBOLS = YES;
				SWIFT_APPROACHABLE_CONCURRENCY = YES;
				SWIFT_DEFAULT_ACTOR_ISOLATION = MainActor;
				SWIFT_EMIT_LOC_STRINGS = YES;
				SWIFT_UPCOMING_FEATURE_MEMBER_IMPORT_VISIBILITY = YES;
				SWIFT_VERSION = 5.0;
				TARGETED_DEVICE_FAMILY = "1,2";
			};
			name = Debug;
		};
		98B651D92FE0093500321B94 /* Release */ = {
			isa = XCBuildConfiguration;
			buildSettings = {
				ASSETCATALOG_COMPILER_APPICON_NAME = AppIcon;
				ASSETCATALOG_COMPILER_GLOBAL_ACCENT_COLOR_NAME = AccentColor;
				CODE_SIGN_STYLE = Automatic;
				CURRENT_PROJECT_VERSION = 1;
				DEVELOPMENT_TEAM = Q822VU6G85;
				GENERATE_INFOPLIST_FILE = YES;
				INFOPLIST_FILE = study/Info.plist;
				INFOPLIST_KEY_UIApplicationSupportsIndirectInputEvents = YES;
				INFOPLIST_KEY_UILaunchStoryboardName = LaunchScreen;
				INFOPLIST_KEY_UISupportedInterfaceOrientations_iPad = "UIInterfaceOrientationPortrait UIInterfaceOrientationPortraitUpsideDown UIInterfaceOrientationLandscapeLeft UIInterfaceOrientationLandscapeRight";
				INFOPLIST_KEY_UISupportedInterfaceOrientations_iPhone = "UIInterfaceOrientationPortrait UIInterfaceOrientationLandscapeLeft UIInterfaceOrientationLandscapeRight";
				IPHONEOS_DEPLOYMENT_TARGET = 15.6;
				LD_RUNPATH_SEARCH_PATHS = (
					"$(inherited)",
					"@executable_path/Frameworks",
				);
				MARKETING_VERSION = 1.0;
				PRODUCT_BUNDLE_IDENTIFIER = com.pky.claudecode.study;
				PRODUCT_NAME = "$(TARGET_NAME)";
				STRING_CATALOG_GENERATE_SYMBOLS = YES;
				SWIFT_APPROACHABLE_CONCURRENCY = YES;
				SWIFT_DEFAULT_ACTOR_ISOLATION = MainActor;
				SWIFT_EMIT_LOC_STRINGS = YES;
				SWIFT_UPCOMING_FEATURE_MEMBER_IMPORT_VISIBILITY = YES;
				SWIFT_VERSION = 5.0;
				TARGETED_DEVICE_FAMILY = "1,2";
			};
			name = Release;
		};
		98B651DA2FE0093500321B94 /* Debug */ = {
			isa = XCBuildConfiguration;
			buildSettings = {
				ALWAYS_SEARCH_USER_PATHS = NO;
				ASSETCATALOG_COMPILER_GENERATE_SWIFT_ASSET_SYMBOL_EXTENSIONS = YES;
				CLANG_ANALYZER_NONNULL = YES;
				CLANG_ANALYZER_NUMBER_OBJECT_CONVERSION = YES_AGGRESSIVE;
				CLANG_CXX_LANGUAGE_STANDARD = "gnu++20";
				CLANG_ENABLE_MODULES = YES;
				CLANG_ENABLE_OBJC_ARC = YES;
				CLANG_ENABLE_OBJC_WEAK = YES;
				CLANG_WARN_BLOCK_CAPTURE_AUTORELEASING = YES;
				CLANG_WARN_BOOL_CONVERSION = YES;
				CLANG_WARN_COMMA = YES;
				CLANG_WARN_CONSTANT_CONVERSION = YES;
				CLANG_WARN_DEPRECATED_OBJC_IMPLEMENTATIONS = YES;
				CLANG_WARN_DIRECT_OBJC_ISA_USAGE = YES_ERROR;
				CLANG_WARN_DOCUMENTATION_COMMENTS = YES;
				CLANG_WARN_EMPTY_BODY = YES;
				CLANG_WARN_ENUM_CONVERSION = YES;
				CLANG_WARN_INFINITE_RECURSION = YES;
				CLANG_WARN_INT_CONVERSION = YES;
				CLANG_WARN_NON_LITERAL_NULL_CONVERSION = YES;
				CLANG_WARN_OBJC_IMPLICIT_RETAIN_SELF = YES;
				CLANG_WARN_OBJC_LITERAL_CONVERSION = YES;
				CLANG_WARN_OBJC_ROOT_CLASS = YES_ERROR;
				CLANG_WARN_QUOTED_INCLUDE_IN_FRAMEWORK_HEADER = YES;
				CLANG_WARN_RANGE_LOOP_ANALYSIS = YES;
				CLANG_WARN_STRICT_PROTOTYPES = YES;
				CLANG_WARN_SUSPICIOUS_MOVE = YES;
				CLANG_WARN_UNGUARDED_AVAILABILITY = YES_AGGRESSIVE;
				CLANG_WARN_UNREACHABLE_CODE = YES;
				CLANG_WARN__DUPLICATE_METHOD_MATCH = YES;
				COPY_PHASE_STRIP = NO;
				DEBUG_INFORMATION_FORMAT = dwarf;
				DEVELOPMENT_TEAM = Q822VU6G85;
				ENABLE_STRICT_OBJC_MSGSEND = YES;
				ENABLE_TESTABILITY = YES;
				ENABLE_USER_SCRIPT_SANDBOXING = YES;
				GCC_C_LANGUAGE_STANDARD = gnu17;
				GCC_DYNAMIC_NO_PIC = NO;
				GCC_NO_COMMON_BLOCKS = YES;
				GCC_OPTIMIZATION_LEVEL = 0;
				GCC_PREPROCESSOR_DEFINITIONS = (
					"DEBUG=1",
					"$(inherited)",
				);
				GCC_WARN_64_TO_32_BIT_CONVERSION = YES;
				GCC_WARN_ABOUT_RETURN_TYPE = YES_ERROR;
				GCC_WARN_UNDECLARED_SELECTOR = YES;
				GCC_WARN_UNINITIALIZED_AUTOS = YES_AGGRESSIVE;
				GCC_WARN_UNUSED_FUNCTION = YES;
				GCC_WARN_UNUSED_VARIABLE = YES;
				IPHONEOS_DEPLOYMENT_TARGET = 26.5;
				LOCALIZATION_PREFERS_STRING_CATALOGS = YES;
				MTL_ENABLE_DEBUG_INFO = INCLUDE_SOURCE;
				MTL_FAST_MATH = YES;
				ONLY_ACTIVE_ARCH = YES;
				SDKROOT = iphoneos;
				SWIFT_ACTIVE_COMPILATION_CONDITIONS = "DEBUG $(inherited)";
				SWIFT_OPTIMIZATION_LEVEL = "-Onone";
			};
			name = Debug;
		};
		98B651DB2FE0093500321B94 /* Release */ = {
			isa = XCBuildConfiguration;
			buildSettings = {
				ALWAYS_SEARCH_USER_PATHS = NO;
				ASSETCATALOG_COMPILER_GENERATE_SWIFT_ASSET_SYMBOL_EXTENSIONS = YES;
				CLANG_ANALYZER_NONNULL = YES;
				CLANG_ANALYZER_NUMBER_OBJECT_CONVERSION = YES_AGGRESSIVE;
				CLANG_CXX_LANGUAGE_STANDARD = "gnu++20";
				CLANG_ENABLE_MODULES = YES;
				CLANG_ENABLE_OBJC_ARC = YES;
				CLANG_ENABLE_OBJC_WEAK = YES;
				CLANG_WARN_BLOCK_CAPTURE_AUTORELEASING = YES;
				CLANG_WARN_BOOL_CONVERSION = YES;
				CLANG_WARN_COMMA = YES;
				CLANG_WARN_CONSTANT_CONVERSION = YES;
				CLANG_WARN_DEPRECATED_OBJC_IMPLEMENTATIONS = YES;
				CLANG_WARN_DIRECT_OBJC_ISA_USAGE = YES_ERROR;
				CLANG_WARN_DOCUMENTATION_COMMENTS = YES;
				CLANG_WARN_EMPTY_BODY = YES;
				CLANG_WARN_ENUM_CONVERSION = YES;
				CLANG_WARN_INFINITE_RECURSION = YES;
				CLANG_WARN_INT_CONVERSION = YES;
				CLANG_WARN_NON_LITERAL_NULL_CONVERSION = YES;
				CLANG_WARN_OBJC_IMPLICIT_RETAIN_SELF = YES;
				CLANG_WARN_OBJC_LITERAL_CONVERSION = YES;
				CLANG_WARN_OBJC_ROOT_CLASS = YES_ERROR;
				CLANG_WARN_QUOTED_INCLUDE_IN_FRAMEWORK_HEADER = YES;
				CLANG_WARN_RANGE_LOOP_ANALYSIS = YES;
				CLANG_WARN_STRICT_PROTOTYPES = YES;
				CLANG_WARN_SUSPICIOUS_MOVE = YES;
				CLANG_WARN_UNGUARDED_AVAILABILITY = YES_AGGRESSIVE;
				CLANG_WARN_UNREACHABLE_CODE = YES;
				CLANG_WARN__DUPLICATE_METHOD_MATCH = YES;
				COPY_PHASE_STRIP = NO;
				DEBUG_INFORMATION_FORMAT = "dwarf-with-dsym";
				DEVELOPMENT_TEAM = Q822VU6G85;
				ENABLE_NS_ASSERTIONS = NO;
				ENABLE_STRICT_OBJC_MSGSEND = YES;
				ENABLE_USER_SCRIPT_SANDBOXING = YES;
				GCC_C_LANGUAGE_STANDARD = gnu17;
				GCC_NO_COMMON_BLOCKS = YES;
				GCC_WARN_64_TO_32_BIT_CONVERSION = YES;
				GCC_WARN_ABOUT_RETURN_TYPE = YES_ERROR;
				GCC_WARN_UNDECLARED_SELECTOR = YES;
				GCC_WARN_UNINITIALIZED_AUTOS = YES_AGGRESSIVE;
				GCC_WARN_UNUSED_FUNCTION = YES;
				GCC_WARN_UNUSED_VARIABLE = YES;
				IPHONEOS_DEPLOYMENT_TARGET = 26.5;
				LOCALIZATION_PREFERS_STRING_CATALOGS = YES;
				MTL_ENABLE_DEBUG_INFO = NO;
				MTL_FAST_MATH = YES;
				SDKROOT = iphoneos;
				SWIFT_COMPILATION_MODE = wholemodule;
				VALIDATE_PRODUCT = YES;
			};
			name = Release;
		};
		98B651DD2FE0093500321B94 /* Debug */ = {
			isa = XCBuildConfiguration;
			buildSettings = {
				BUNDLE_LOADER = "$(TEST_HOST)";
				CODE_SIGN_STYLE = Automatic;
				CURRENT_PROJECT_VERSION = 1;
				DEVELOPMENT_TEAM = Q822VU6G85;
				GENERATE_INFOPLIST_FILE = YES;
				IPHONEOS_DEPLOYMENT_TARGET = 15.6;
				MARKETING_VERSION = 1.0;
				PRODUCT_BUNDLE_IDENTIFIER = com.pky.claudecode.studyTests;
				PRODUCT_NAME = "$(TARGET_NAME)";
				STRING_CATALOG_GENERATE_SYMBOLS = NO;
				SWIFT_APPROACHABLE_CONCURRENCY = YES;
				SWIFT_EMIT_LOC_STRINGS = NO;
				SWIFT_UPCOMING_FEATURE_MEMBER_IMPORT_VISIBILITY = YES;
				SWIFT_VERSION = 5.0;
				TARGETED_DEVICE_FAMILY = "1,2";
				TEST_HOST = "$(BUILT_PRODUCTS_DIR)/study.app/$(BUNDLE_EXECUTABLE_FOLDER_PATH)/study";
			};
			name = Debug;
		};
		98B651DE2FE0093500321B94 /* Release */ = {
			isa = XCBuildConfiguration;
			buildSettings = {
				BUNDLE_LOADER = "$(TEST_HOST)";
				CODE_SIGN_STYLE = Automatic;
				CURRENT_PROJECT_VERSION = 1;
				DEVELOPMENT_TEAM = Q822VU6G85;
				GENERATE_INFOPLIST_FILE = YES;
				IPHONEOS_DEPLOYMENT_TARGET = 15.6;
				MARKETING_VERSION = 1.0;
				PRODUCT_BUNDLE_IDENTIFIER = com.pky.claudecode.studyTests;
				PRODUCT_NAME = "$(TARGET_NAME)";
				STRING_CATALOG_GENERATE_SYMBOLS = NO;
				SWIFT_APPROACHABLE_CONCURRENCY = YES;
				SWIFT_EMIT_LOC_STRINGS = NO;
				SWIFT_UPCOMING_FEATURE_MEMBER_IMPORT_VISIBILITY = YES;
				SWIFT_VERSION = 5.0;
				TARGETED_DEVICE_FAMILY = "1,2";
				TEST_HOST = "$(BUILT_PRODUCTS_DIR)/study.app/$(BUNDLE_EXECUTABLE_FOLDER_PATH)/study";
			};
			name = Release;
		};
		98B651E02FE0093500321B94 /* Debug */ = {
			isa = XCBuildConfiguration;
			buildSettings = {
				CODE_SIGN_STYLE = Automatic;
				CURRENT_PROJECT_VERSION = 1;
				DEVELOPMENT_TEAM = Q822VU6G85;
				GENERATE_INFOPLIST_FILE = YES;
				IPHONEOS_DEPLOYMENT_TARGET = 15.6;
				MARKETING_VERSION = 1.0;
				PRODUCT_BUNDLE_IDENTIFIER = com.pky.claudecode.studyUITests;
				PRODUCT_NAME = "$(TARGET_NAME)";
				STRING_CATALOG_GENERATE_SYMBOLS = NO;
				SWIFT_APPROACHABLE_CONCURRENCY = YES;
				SWIFT_EMIT_LOC_STRINGS = NO;
				SWIFT_UPCOMING_FEATURE_MEMBER_IMPORT_VISIBILITY = YES;
				SWIFT_VERSION = 5.0;
				TARGETED_DEVICE_FAMILY = "1,2";
				TEST_TARGET_NAME = study;
			};
			name = Debug;
		};
		98B651E12FE0093500321B94 /* Release */ = {
			isa = XCBuildConfiguration;
			buildSettings = {
				CODE_SIGN_STYLE = Automatic;
				CURRENT_PROJECT_VERSION = 1;
				DEVELOPMENT_TEAM = Q822VU6G85;
				GENERATE_INFOPLIST_FILE = YES;
				IPHONEOS_DEPLOYMENT_TARGET = 15.6;
				MARKETING_VERSION = 1.0;
				PRODUCT_BUNDLE_IDENTIFIER = com.pky.claudecode.studyUITests;
				PRODUCT_NAME = "$(TARGET_NAME)";
				STRING_CATALOG_GENERATE_SYMBOLS = NO;
				SWIFT_APPROACHABLE_CONCURRENCY = YES;
				SWIFT_EMIT_LOC_STRINGS = NO;
				SWIFT_UPCOMING_FEATURE_MEMBER_IMPORT_VISIBILITY = YES;
				SWIFT_VERSION = 5.0;
				TARGETED_DEVICE_FAMILY = "1,2";
				TEST_TARGET_NAME = study;
			};
			name = Release;
		};
/* End XCBuildConfiguration section */

/* Begin XCConfigurationList section */
		98B651A62FE0093400321B94 /* Build configuration list for PBXProject "study" */ = {
			isa = XCConfigurationList;
			buildConfigurations = (
				98B651DA2FE0093500321B94 /* Debug */,
				98B651DB2FE0093500321B94 /* Release */,
			);
			defaultConfigurationIsVisible = 0;
			defaultConfigurationName = Release;
		};
		98B651D72FE0093500321B94 /* Build configuration list for PBXNativeTarget "study" */ = {
			isa = XCConfigurationList;
			buildConfigurations = (
				98B651D82FE0093500321B94 /* Debug */,
				98B651D92FE0093500321B94 /* Release */,
			);
			defaultConfigurationIsVisible = 0;
			defaultConfigurationName = Release;
		};
		98B651DC2FE0093500321B94 /* Build configuration list for PBXNativeTarget "studyTests" */ = {
			isa = XCConfigurationList;
			buildConfigurations = (
				98B651DD2FE0093500321B94 /* Debug */,
				98B651DE2FE0093500321B94 /* Release */,
			);
			defaultConfigurationIsVisible = 0;
			defaultConfigurationName = Release;
		};
		98B651DF2FE0093500321B94 /* Build configuration list for PBXNativeTarget "studyUITests" */ = {
			isa = XCConfigurationList;
			buildConfigurations = (
				98B651E02FE0093500321B94 /* Debug */,
				98B651E12FE0093500321B94 /* Release */,
			);
			defaultConfigurationIsVisible = 0;
			defaultConfigurationName = Release;
		};
/* End XCConfigurationList section */

/* Begin XCRemoteSwiftPackageReference section */
		98AD82BF2FE1032700599E02 /* XCRemoteSwiftPackageReference "SnapKit" */ = {
			isa = XCRemoteSwiftPackageReference;
			repositoryURL = "https://github.com/SnapKit/SnapKit.git";
			requirement = {
				kind = upToNextMajorVersion;
				minimumVersion = 6.0.0;
			};
		};
		98AD82C22FE1035700599E02 /* XCRemoteSwiftPackageReference "RxSwift" */ = {
			isa = XCRemoteSwiftPackageReference;
			repositoryURL = "https://github.com/ReactiveX/RxSwift.git";
			requirement = {
				kind = upToNextMajorVersion;
				minimumVersion = 6.10.2;
			};
		};
		98AD82C72FE1067300599E02 /* XCRemoteSwiftPackageReference "Kingfisher" */ = {
			isa = XCRemoteSwiftPackageReference;
			repositoryURL = "https://github.com/onevcat/Kingfisher.git";
			requirement = {
				kind = upToNextMajorVersion;
				minimumVersion = 8.10.0;
			};
		};
		98AD82CA2FE1068600599E02 /* XCRemoteSwiftPackageReference "Alamofire" */ = {
			isa = XCRemoteSwiftPackageReference;
			repositoryURL = "https://github.com/Alamofire/Alamofire.git";
			requirement = {
				kind = upToNextMajorVersion;
				minimumVersion = 5.12.0;
			};
		};
/* End XCRemoteSwiftPackageReference section */

/* Begin XCSwiftPackageProductDependency section */
		98AD82C02FE1032700599E02 /* SnapKit */ = {
			isa = XCSwiftPackageProductDependency;
			package = 98AD82BF2FE1032700599E02 /* XCRemoteSwiftPackageReference "SnapKit" */;
			productName = SnapKit;
		};
		98AD82C32FE1035700599E02 /* RxCocoa */ = {
			isa = XCSwiftPackageProductDependency;
			package = 98AD82C22FE1035700599E02 /* XCRemoteSwiftPackageReference "RxSwift" */;
			productName = RxCocoa;
		};
		98AD82C52FE1035700599E02 /* RxSwift */ = {
			isa = XCSwiftPackageProductDependency;
			package = 98AD82C22FE1035700599E02 /* XCRemoteSwiftPackageReference "RxSwift" */;
			productName = RxSwift;
		};
		98AD82C82FE1067300599E02 /* Kingfisher */ = {
			isa = XCSwiftPackageProductDependency;
			package = 98AD82C72FE1067300599E02 /* XCRemoteSwiftPackageReference "Kingfisher" */;
			productName = Kingfisher;
		};
		98AD82CB2FE1068600599E02 /* Alamofire */ = {
			isa = XCSwiftPackageProductDependency;
			package = 98AD82CA2FE1068600599E02 /* XCRemoteSwiftPackageReference "Alamofire" */;
			productName = Alamofire;
		};
/* End XCSwiftPackageProductDependency section */

/* Begin XCVersionGroup section */
		98B651EA2FE0096700321B94 /* study.xcdatamodeld */ = {
			isa = XCVersionGroup;
			children = (
				98B651ED2FE0096700321B94 /* study.xcdatamodel */,
			);
			currentVersion = 98B651ED2FE0096700321B94 /* study.xcdatamodel */;
			path = study.xcdatamodeld;
			sourceTree = "<group>";
			versionGroupType = wrapper.xcdatamodel;
		};
/* End XCVersionGroup section */
	};
	rootObject = 98B651A32FE0093400321B94 /* Project object */;
}
